# This file is automatically @generated by Cargo.
# It is not intended for manual editing.
[[package]]
name = "arrayvec"
version = "0.4.7"
source = "registry+https://github.com/rust-lang/crates.io-index"
dependencies = [
 "nodrop 0.1.12 (registry+https://github.com/rust-lang/crates.io-index)",
]

[[package]]
name = "byteorder"
version = "1.3.1"
source = "registry+https://github.com/rust-lang/crates.io-index"

[[package]]
name = "crunchy"
version = "0.2.1"
source = "registry+https://github.com/rust-lang/crates.io-index"

[[package]]
name = "fixed-hash"
version = "0.3.0"
source = "registry+https://github.com/rust-lang/crates.io-index"
dependencies = [
 "static_assertions 0.2.5 (registry+https://github.com/rust-lang/crates.io-index)",
]

[[package]]
name = "hash-db"
version = "0.12.0"
source = "registry+https://github.com/rust-lang/crates.io-index"

[[package]]
name = "hash256-std-hasher"
version = "0.12.0"
source = "registry+https://github.com/rust-lang/crates.io-index"
dependencies = [
 "crunchy 0.2.1 (registry+https://github.com/rust-lang/crates.io-index)",
]

[[package]]
name = "impl-codec"
version = "0.2.0"
source = "registry+https://github.com/rust-lang/crates.io-index"
dependencies = [
 "parity-codec 3.5.1 (registry+https://github.com/rust-lang/crates.io-index)",
]

[[package]]
name = "nodrop"
version = "0.1.12"
source = "registry+https://github.com/rust-lang/crates.io-index"

[[package]]
name = "parity-codec"
version = "3.5.1"
source = "registry+https://github.com/rust-lang/crates.io-index"
dependencies = [
 "arrayvec 0.4.7 (registry+https://github.com/rust-lang/crates.io-index)",
 "parity-codec-derive 3.3.0 (registry+https://github.com/rust-lang/crates.io-index)",
]

[[package]]
name = "parity-codec-derive"
version = "3.3.0"
source = "registry+https://github.com/rust-lang/crates.io-index"
dependencies = [
 "proc-macro-crate 0.1.3 (registry+https://github.com/rust-lang/crates.io-index)",
 "proc-macro2 0.4.19 (registry+https://github.com/rust-lang/crates.io-index)",
 "quote 0.6.8 (registry+https://github.com/rust-lang/crates.io-index)",
 "syn 0.15.26 (registry+https://github.com/rust-lang/crates.io-index)",
]

[[package]]
name = "primitive-types"
version = "0.2.1"
source = "registry+https://github.com/rust-lang/crates.io-index"
dependencies = [
 "fixed-hash 0.3.0 (registry+https://github.com/rust-lang/crates.io-index)",
 "impl-codec 0.2.0 (registry+https://github.com/rust-lang/crates.io-index)",
 "uint 0.6.1 (registry+https://github.com/rust-lang/crates.io-index)",
]

[[package]]
name = "proc-macro-crate"
version = "0.1.3"
source = "registry+https://github.com/rust-lang/crates.io-index"
dependencies = [
 "toml 0.4.10 (registry+https://github.com/rust-lang/crates.io-index)",
]

[[package]]
name = "proc-macro2"
version = "0.4.19"
source = "registry+https://github.com/rust-lang/crates.io-index"
dependencies = [
 "unicode-xid 0.1.0 (registry+https://github.com/rust-lang/crates.io-index)",
]

[[package]]
name = "quote"
version = "0.6.8"
source = "registry+https://github.com/rust-lang/crates.io-index"
dependencies = [
 "proc-macro2 0.4.19 (registry+https://github.com/rust-lang/crates.io-index)",
]

[[package]]
name = "runtime-test"
version = "2.0.0"
dependencies = [
 "sr-io 2.0.0",
 "sr-sandbox 2.0.0",
 "substrate-primitives 2.0.0",
]

[[package]]
name = "rustc-hex"
version = "2.0.1"
source = "registry+https://github.com/rust-lang/crates.io-index"

[[package]]
name = "rustc_version"
version = "0.2.3"
source = "registry+https://github.com/rust-lang/crates.io-index"
dependencies = [
 "semver 0.9.0 (registry+https://github.com/rust-lang/crates.io-index)",
]

[[package]]
name = "semver"
version = "0.9.0"
source = "registry+https://github.com/rust-lang/crates.io-index"
dependencies = [
 "semver-parser 0.7.0 (registry+https://github.com/rust-lang/crates.io-index)",
]

[[package]]
name = "semver-parser"
version = "0.7.0"
source = "registry+https://github.com/rust-lang/crates.io-index"

[[package]]
name = "serde"
version = "1.0.79"
source = "registry+https://github.com/rust-lang/crates.io-index"

[[package]]
name = "sr-io"
version = "2.0.0"
dependencies = [
 "hash-db 0.12.0 (registry+https://github.com/rust-lang/crates.io-index)",
 "parity-codec 3.5.1 (registry+https://github.com/rust-lang/crates.io-index)",
 "rustc_version 0.2.3 (registry+https://github.com/rust-lang/crates.io-index)",
 "sr-std 2.0.0",
 "substrate-primitives 2.0.0",
]

[[package]]
name = "sr-sandbox"
version = "2.0.0"
dependencies = [
 "parity-codec 3.5.1 (registry+https://github.com/rust-lang/crates.io-index)",
 "rustc_version 0.2.3 (registry+https://github.com/rust-lang/crates.io-index)",
 "sr-std 2.0.0",
 "substrate-primitives 2.0.0",
]

[[package]]
name = "sr-std"
version = "2.0.0"
dependencies = [
 "rustc_version 0.2.3 (registry+https://github.com/rust-lang/crates.io-index)",
]

[[package]]
name = "static_assertions"
version = "0.2.5"
source = "registry+https://github.com/rust-lang/crates.io-index"

[[package]]
name = "substrate-primitives"
version = "2.0.0"
dependencies = [
 "byteorder 1.3.1 (registry+https://github.com/rust-lang/crates.io-index)",
 "hash-db 0.12.0 (registry+https://github.com/rust-lang/crates.io-index)",
 "hash256-std-hasher 0.12.0 (registry+https://github.com/rust-lang/crates.io-index)",
 "parity-codec 3.5.1 (registry+https://github.com/rust-lang/crates.io-index)",
 "primitive-types 0.2.1 (registry+https://github.com/rust-lang/crates.io-index)",
 "rustc-hex 2.0.1 (registry+https://github.com/rust-lang/crates.io-index)",
 "sr-std 2.0.0",
]

[[package]]
name = "syn"
version = "0.15.26"
source = "registry+https://github.com/rust-lang/crates.io-index"
dependencies = [
 "proc-macro2 0.4.19 (registry+https://github.com/rust-lang/crates.io-index)",
 "quote 0.6.8 (registry+https://github.com/rust-lang/crates.io-index)",
 "unicode-xid 0.1.0 (registry+https://github.com/rust-lang/crates.io-index)",
]

[[package]]
name = "toml"
version = "0.4.10"
source = "registry+https://github.com/rust-lang/crates.io-index"
dependencies = [
 "serde 1.0.79 (registry+https://github.com/rust-lang/crates.io-index)",
]

[[package]]
name = "uint"
version = "0.6.1"
source = "registry+https://github.com/rust-lang/crates.io-index"
dependencies = [
 "byteorder 1.3.1 (registry+https://github.com/rust-lang/crates.io-index)",
 "crunchy 0.2.1 (registry+https://github.com/rust-lang/crates.io-index)",
 "rustc-hex 2.0.1 (registry+https://github.com/rust-lang/crates.io-index)",
]

[[package]]
name = "unicode-xid"
version = "0.1.0"
source = "registry+https://github.com/rust-lang/crates.io-index"

[metadata]
"checksum arrayvec 0.4.7 (registry+https://github.com/rust-lang/crates.io-index)" = "a1e964f9e24d588183fcb43503abda40d288c8657dfc27311516ce2f05675aef"
"checksum byteorder 1.3.1 (registry+https://github.com/rust-lang/crates.io-index)" = "a019b10a2a7cdeb292db131fc8113e57ea2a908f6e7894b0c3c671893b65dbeb"
"checksum crunchy 0.2.1 (registry+https://github.com/rust-lang/crates.io-index)" = "c240f247c278fa08a6d4820a6a222bfc6e0d999e51ba67be94f44c905b2161f2"
"checksum fixed-hash 0.3.0 (registry+https://github.com/rust-lang/crates.io-index)" = "a557e80084b05c32b455963ff565a9de6f2866da023d6671705c6aff6f65e01c"
"checksum hash-db 0.12.0 (registry+https://github.com/rust-lang/crates.io-index)" = "07463834729d0ce8d475e7dd6d302e407093ad9a9c02d77eb07fb74b5373829d"
"checksum hash256-std-hasher 0.12.0 (registry+https://github.com/rust-lang/crates.io-index)" = "1224388a21c88a80ae7087a2a245ca6d80acc97a9186b75789fb3eeefd0609af"
"checksum impl-codec 0.2.0 (registry+https://github.com/rust-lang/crates.io-index)" = "d2050d823639fbeae26b2b5ba09aca8907793117324858070ade0673c49f793b"
"checksum nodrop 0.1.12 (registry+https://github.com/rust-lang/crates.io-index)" = "9a2228dca57108069a5262f2ed8bd2e82496d2e074a06d1ccc7ce1687b6ae0a2"
"checksum parity-codec 3.5.1 (registry+https://github.com/rust-lang/crates.io-index)" = "dcb43c05fb71c03b4ea7327bf15694da1e0f23f19d5b1e95bab6c6d74097e336"
"checksum parity-codec-derive 3.3.0 (registry+https://github.com/rust-lang/crates.io-index)" = "00a486fd383382ddcb2de928364b1f82571c1e48274fc43b7667a4738ee4056c"
"checksum primitive-types 0.2.1 (registry+https://github.com/rust-lang/crates.io-index)" = "edb92f1ebfc177432c03287b15d48c202e6e2c95993a7af3ba039abb43b1492e"
"checksum proc-macro-crate 0.1.3 (registry+https://github.com/rust-lang/crates.io-index)" = "4c6cf4e5b00300d151dfffae39f529dfa5188f42eeb14201229aa420d6aad10c"
"checksum proc-macro2 0.4.19 (registry+https://github.com/rust-lang/crates.io-index)" = "ffe022fb8c8bd254524b0b3305906c1921fa37a84a644e29079a9e62200c3901"
"checksum quote 0.6.8 (registry+https://github.com/rust-lang/crates.io-index)" = "dd636425967c33af890042c483632d33fa7a18f19ad1d7ea72e8998c6ef8dea5"
"checksum rustc-hex 2.0.1 (registry+https://github.com/rust-lang/crates.io-index)" = "403bb3a286107a04825a5f82e1270acc1e14028d3d554d7a1e08914549575ab8"
"checksum rustc_version 0.2.3 (registry+https://github.com/rust-lang/crates.io-index)" = "138e3e0acb6c9fb258b19b67cb8abd63c00679d2851805ea151465464fe9030a"
"checksum semver 0.9.0 (registry+https://github.com/rust-lang/crates.io-index)" = "1d7eb9ef2c18661902cc47e535f9bc51b78acd254da71d375c2f6720d9a40403"
"checksum semver-parser 0.7.0 (registry+https://github.com/rust-lang/crates.io-index)" = "388a1df253eca08550bef6c72392cfe7c30914bf41df5269b68cbd6ff8f570a3"
"checksum serde 1.0.79 (registry+https://github.com/rust-lang/crates.io-index)" = "84257ccd054dc351472528c8587b4de2dbf0dc0fe2e634030c1a90bfdacebaa9"
"checksum static_assertions 0.2.5 (registry+https://github.com/rust-lang/crates.io-index)" = "c19be23126415861cb3a23e501d34a708f7f9b2183c5252d690941c2e69199d5"
"checksum syn 0.15.26 (registry+https://github.com/rust-lang/crates.io-index)" = "f92e629aa1d9c827b2bb8297046c1ccffc57c99b947a680d3ccff1f136a3bee9"
"checksum toml 0.4.10 (registry+https://github.com/rust-lang/crates.io-index)" = "758664fc71a3a69038656bee8b6be6477d2a6c315a6b81f7081f591bffa4111f"
"checksum uint 0.6.1 (registry+https://github.com/rust-lang/crates.io-index)" = "e7780bb27fd8a22295e0d9d53ae3be253f715a0dccb1808527f478f1c2603708"
"checksum unicode-xid 0.1.0 (registry+https://github.com/rust-lang/crates.io-index)" = "fc72304796d0818e357ead4e000d19c9c174ab23dc11093ac919054d20a6a7fc"
