{
  "nodes": {
    "nixpkgs": {
      "locked": {
        "lastModified": 1637448181,
        "narHash": "sha256-ujcXli4esmtIHUBjE1BjmMuBWrcNvlHZrVXx56i5B1M=",
        "owner": "nixos",
        "repo": "nixpkgs",
        "rev": "d5b65f812cd4f5a8fa74b406075b59a46f1cfd98",
        "type": "github"
      },
      "original": {
        "owner": "nixos",
        "ref": "nixos-21.05",
        "repo": "nixpkgs",
        "type": "github"
      }
    },
    "root": {
      "inputs": {
        "nixpkgs": "nixpkgs"
      }
    }
  },
  "root": "root",
  "version": 7
}
