[[package]]
name = "arrayvec"
version = "0.4.7"
source = "registry+https://github.com/rust-lang/crates.io-index"
dependencies = [
 "nodrop 0.1.12 (registry+https://github.com/rust-lang/crates.io-index)",
]

[[package]]
name = "byteorder"
version = "1.2.3"
source = "registry+https://github.com/rust-lang/crates.io-index"

[[package]]
name = "cfg-if"
version = "0.1.3"
source = "registry+https://github.com/rust-lang/crates.io-index"

[[package]]
name = "crunchy"
version = "0.1.6"
source = "registry+https://github.com/rust-lang/crates.io-index"

[[package]]
name = "fixed-hash"
version = "0.2.2"
source = "registry+https://github.com/rust-lang/crates.io-index"

[[package]]
name = "hashdb"
version = "0.2.1"
source = "registry+https://github.com/rust-lang/crates.io-index"

[[package]]
name = "hex-literal"
version = "0.1.1"
source = "registry+https://github.com/rust-lang/crates.io-index"
dependencies = [
 "hex-literal-impl 0.1.1 (registry+https://github.com/rust-lang/crates.io-index)",
 "proc-macro-hack 0.4.0 (registry+https://github.com/rust-lang/crates.io-index)",
]

[[package]]
name = "hex-literal-impl"
version = "0.1.1"
source = "registry+https://github.com/rust-lang/crates.io-index"
dependencies = [
 "proc-macro-hack 0.4.0 (registry+https://github.com/rust-lang/crates.io-index)",
]

[[package]]
name = "integer-sqrt"
version = "0.1.0"
source = "git+https://github.com/paritytech/integer-sqrt-rs.git#886e9cb983c46498003878afe965d55caa762025"

[[package]]
name = "log"
version = "0.4.1"
source = "registry+https://github.com/rust-lang/crates.io-index"
dependencies = [
 "cfg-if 0.1.3 (registry+https://github.com/rust-lang/crates.io-index)",
]

[[package]]
name = "node-primitives"
version = "0.1.0"
dependencies = [
 "serde 1.0.64 (registry+https://github.com/rust-lang/crates.io-index)",
 "substrate-codec 0.1.0",
 "substrate-codec-derive 0.1.0",
 "substrate-primitives 0.1.0",
 "substrate-runtime-primitives 0.1.0",
 "substrate-runtime-std 0.1.0",
]

[[package]]
name = "node-runtime"
version = "0.1.0"
dependencies = [
 "integer-sqrt 0.1.0 (git+https://github.com/paritytech/integer-sqrt-rs.git)",
 "node-primitives 0.1.0",
 "safe-mix 1.0.0 (registry+https://github.com/rust-lang/crates.io-index)",
 "substrate-codec 0.1.0",
 "substrate-codec-derive 0.1.0",
 "substrate-primitives 0.1.0",
 "substrate-runtime-balances 0.1.0",
 "substrate-runtime-consensus 0.1.0",
 "substrate-runtime-contract 0.1.0",
 "substrate-runtime-council 0.1.0",
 "substrate-runtime-democracy 0.1.0",
 "substrate-runtime-executive 0.1.0",
 "substrate-runtime-io 0.1.0",
 "substrate-runtime-primitives 0.1.0",
 "substrate-runtime-session 0.1.0",
 "substrate-runtime-staking 0.1.0",
 "substrate-runtime-std 0.1.0",
 "substrate-runtime-support 0.1.0",
 "substrate-runtime-system 0.1.0",
 "substrate-runtime-timestamp 0.1.0",
 "substrate-runtime-treasury 0.1.0",
 "substrate-runtime-version 0.1.0",
]

[[package]]
name = "nodrop"
version = "0.1.12"
source = "registry+https://github.com/rust-lang/crates.io-index"

[[package]]
name = "num-traits"
version = "0.2.4"
source = "registry+https://github.com/rust-lang/crates.io-index"

[[package]]
name = "parity-wasm"
version = "0.31.0"
source = "registry+https://github.com/rust-lang/crates.io-index"
dependencies = [
 "byteorder 1.2.3 (registry+https://github.com/rust-lang/crates.io-index)",
]

[[package]]
name = "plain_hasher"
version = "0.2.0"
source = "registry+https://github.com/rust-lang/crates.io-index"
dependencies = [
 "crunchy 0.1.6 (registry+https://github.com/rust-lang/crates.io-index)",
]

[[package]]
name = "proc-macro-hack"
version = "0.4.0"
source = "registry+https://github.com/rust-lang/crates.io-index"
dependencies = [
 "proc-macro-hack-impl 0.4.0 (registry+https://github.com/rust-lang/crates.io-index)",
]

[[package]]
name = "proc-macro-hack-impl"
version = "0.4.0"
source = "registry+https://github.com/rust-lang/crates.io-index"

[[package]]
name = "proc-macro2"
version = "0.4.4"
source = "registry+https://github.com/rust-lang/crates.io-index"
dependencies = [
 "unicode-xid 0.1.0 (registry+https://github.com/rust-lang/crates.io-index)",
]

[[package]]
name = "pwasm-alloc"
version = "0.1.0"
dependencies = [
 "pwasm-libc 0.1.0",
 "rustc_version 0.2.2 (registry+https://github.com/rust-lang/crates.io-index)",
]

[[package]]
name = "pwasm-libc"
version = "0.1.0"

[[package]]
name = "pwasm-utils"
version = "0.3.1"
source = "registry+https://github.com/rust-lang/crates.io-index"
dependencies = [
 "byteorder 1.2.3 (registry+https://github.com/rust-lang/crates.io-index)",
 "log 0.4.1 (registry+https://github.com/rust-lang/crates.io-index)",
 "parity-wasm 0.31.0 (registry+https://github.com/rust-lang/crates.io-index)",
]

[[package]]
name = "quote"
version = "0.6.3"
source = "registry+https://github.com/rust-lang/crates.io-index"
dependencies = [
 "proc-macro2 0.4.4 (registry+https://github.com/rust-lang/crates.io-index)",
]

[[package]]
name = "rustc-hex"
version = "2.0.0"
source = "registry+https://github.com/rust-lang/crates.io-index"

[[package]]
name = "rustc_version"
version = "0.2.2"
source = "registry+https://github.com/rust-lang/crates.io-index"
dependencies = [
 "semver 0.9.0 (registry+https://github.com/rust-lang/crates.io-index)",
]

[[package]]
name = "safe-mix"
version = "1.0.0"
source = "registry+https://github.com/rust-lang/crates.io-index"
dependencies = [
 "rustc_version 0.2.2 (registry+https://github.com/rust-lang/crates.io-index)",
]

[[package]]
name = "semver"
version = "0.9.0"
source = "registry+https://github.com/rust-lang/crates.io-index"
dependencies = [
 "semver-parser 0.7.0 (registry+https://github.com/rust-lang/crates.io-index)",
]

[[package]]
name = "semver-parser"
version = "0.7.0"
source = "registry+https://github.com/rust-lang/crates.io-index"

[[package]]
name = "serde"
version = "1.0.64"
source = "registry+https://github.com/rust-lang/crates.io-index"

[[package]]
name = "substrate-codec"
version = "0.1.0"
dependencies = [
 "arrayvec 0.4.7 (registry+https://github.com/rust-lang/crates.io-index)",
]

[[package]]
name = "substrate-codec-derive"
version = "0.1.0"
dependencies = [
 "proc-macro2 0.4.4 (registry+https://github.com/rust-lang/crates.io-index)",
 "quote 0.6.3 (registry+https://github.com/rust-lang/crates.io-index)",
 "syn 0.14.1 (registry+https://github.com/rust-lang/crates.io-index)",
]

[[package]]
name = "substrate-primitives"
version = "0.1.0"
dependencies = [
 "byteorder 1.2.3 (registry+https://github.com/rust-lang/crates.io-index)",
 "crunchy 0.1.6 (registry+https://github.com/rust-lang/crates.io-index)",
 "fixed-hash 0.2.2 (registry+https://github.com/rust-lang/crates.io-index)",
 "hashdb 0.2.1 (registry+https://github.com/rust-lang/crates.io-index)",
 "plain_hasher 0.2.0 (registry+https://github.com/rust-lang/crates.io-index)",
 "rustc-hex 2.0.0 (registry+https://github.com/rust-lang/crates.io-index)",
 "serde 1.0.64 (registry+https://github.com/rust-lang/crates.io-index)",
 "substrate-codec 0.1.0",
 "substrate-codec-derive 0.1.0",
 "substrate-runtime-std 0.1.0",
 "uint 0.4.1 (registry+https://github.com/rust-lang/crates.io-index)",
]

[[package]]
name = "substrate-runtime-balances"
version = "0.1.0"
dependencies = [
 "hex-literal 0.1.1 (registry+https://github.com/rust-lang/crates.io-index)",
 "safe-mix 1.0.0 (registry+https://github.com/rust-lang/crates.io-index)",
 "serde 1.0.64 (registry+https://github.com/rust-lang/crates.io-index)",
 "substrate-codec 0.1.0",
 "substrate-codec-derive 0.1.0",
 "substrate-primitives 0.1.0",
 "substrate-runtime-io 0.1.0",
 "substrate-runtime-primitives 0.1.0",
 "substrate-runtime-std 0.1.0",
 "substrate-runtime-support 0.1.0",
 "substrate-runtime-system 0.1.0",
]

[[package]]
name = "substrate-runtime-consensus"
version = "0.1.0"
dependencies = [
 "hex-literal 0.1.1 (registry+https://github.com/rust-lang/crates.io-index)",
 "serde 1.0.64 (registry+https://github.com/rust-lang/crates.io-index)",
 "substrate-codec 0.1.0",
 "substrate-codec-derive 0.1.0",
 "substrate-primitives 0.1.0",
 "substrate-runtime-io 0.1.0",
 "substrate-runtime-primitives 0.1.0",
 "substrate-runtime-std 0.1.0",
 "substrate-runtime-support 0.1.0",
 "substrate-runtime-system 0.1.0",
]

[[package]]
name = "substrate-runtime-contract"
version = "0.1.0"
dependencies = [
 "parity-wasm 0.31.0 (registry+https://github.com/rust-lang/crates.io-index)",
 "pwasm-utils 0.3.1 (registry+https://github.com/rust-lang/crates.io-index)",
 "serde 1.0.64 (registry+https://github.com/rust-lang/crates.io-index)",
 "substrate-codec 0.1.0",
 "substrate-primitives 0.1.0",
 "substrate-runtime-balances 0.1.0",
 "substrate-runtime-io 0.1.0",
 "substrate-runtime-primitives 0.1.0",
 "substrate-runtime-sandbox 0.1.0",
 "substrate-runtime-std 0.1.0",
 "substrate-runtime-support 0.1.0",
 "substrate-runtime-system 0.1.0",
]

[[package]]
name = "substrate-runtime-council"
version = "0.1.0"
dependencies = [
 "hex-literal 0.1.1 (registry+https://github.com/rust-lang/crates.io-index)",
 "integer-sqrt 0.1.0 (git+https://github.com/paritytech/integer-sqrt-rs.git)",
 "safe-mix 1.0.0 (registry+https://github.com/rust-lang/crates.io-index)",
 "serde 1.0.64 (registry+https://github.com/rust-lang/crates.io-index)",
 "substrate-codec 0.1.0",
 "substrate-codec-derive 0.1.0",
 "substrate-primitives 0.1.0",
 "substrate-runtime-balances 0.1.0",
 "substrate-runtime-consensus 0.1.0",
 "substrate-runtime-democracy 0.1.0",
 "substrate-runtime-io 0.1.0",
 "substrate-runtime-primitives 0.1.0",
 "substrate-runtime-std 0.1.0",
 "substrate-runtime-support 0.1.0",
 "substrate-runtime-system 0.1.0",
]

[[package]]
name = "substrate-runtime-democracy"
version = "0.1.0"
dependencies = [
 "hex-literal 0.1.1 (registry+https://github.com/rust-lang/crates.io-index)",
 "safe-mix 1.0.0 (registry+https://github.com/rust-lang/crates.io-index)",
 "serde 1.0.64 (registry+https://github.com/rust-lang/crates.io-index)",
 "substrate-codec 0.1.0",
 "substrate-codec-derive 0.1.0",
 "substrate-primitives 0.1.0",
 "substrate-runtime-balances 0.1.0",
 "substrate-runtime-consensus 0.1.0",
 "substrate-runtime-io 0.1.0",
 "substrate-runtime-primitives 0.1.0",
 "substrate-runtime-std 0.1.0",
 "substrate-runtime-support 0.1.0",
 "substrate-runtime-system 0.1.0",
]

[[package]]
name = "substrate-runtime-executive"
version = "0.1.0"
dependencies = [
 "hex-literal 0.1.1 (registry+https://github.com/rust-lang/crates.io-index)",
 "serde 1.0.64 (registry+https://github.com/rust-lang/crates.io-index)",
 "substrate-codec 0.1.0",
 "substrate-runtime-io 0.1.0",
 "substrate-runtime-primitives 0.1.0",
 "substrate-runtime-std 0.1.0",
 "substrate-runtime-support 0.1.0",
 "substrate-runtime-system 0.1.0",
]

[[package]]
name = "substrate-runtime-io"
version = "0.1.0"
dependencies = [
 "hashdb 0.2.1 (registry+https://github.com/rust-lang/crates.io-index)",
 "rustc_version 0.2.2 (registry+https://github.com/rust-lang/crates.io-index)",
 "substrate-codec 0.1.0",
 "substrate-primitives 0.1.0",
 "substrate-runtime-std 0.1.0",
]

[[package]]
name = "substrate-runtime-primitives"
version = "0.1.0"
dependencies = [
 "integer-sqrt 0.1.0 (git+https://github.com/paritytech/integer-sqrt-rs.git)",
 "num-traits 0.2.4 (registry+https://github.com/rust-lang/crates.io-index)",
 "substrate-codec 0.1.0",
 "substrate-codec-derive 0.1.0",
 "substrate-primitives 0.1.0",
 "substrate-runtime-io 0.1.0",
 "substrate-runtime-std 0.1.0",
 "substrate-runtime-support 0.1.0",
]

[[package]]
name = "substrate-runtime-sandbox"
version = "0.1.0"
dependencies = [
 "rustc_version 0.2.2 (registry+https://github.com/rust-lang/crates.io-index)",
 "substrate-codec 0.1.0",
 "substrate-primitives 0.1.0",
 "substrate-runtime-io 0.1.0",
 "substrate-runtime-std 0.1.0",
]

[[package]]
name = "substrate-runtime-session"
version = "0.1.0"
dependencies = [
 "hex-literal 0.1.1 (registry+https://github.com/rust-lang/crates.io-index)",
 "safe-mix 1.0.0 (registry+https://github.com/rust-lang/crates.io-index)",
 "serde 1.0.64 (registry+https://github.com/rust-lang/crates.io-index)",
 "substrate-codec 0.1.0",
 "substrate-codec-derive 0.1.0",
 "substrate-primitives 0.1.0",
 "substrate-runtime-consensus 0.1.0",
 "substrate-runtime-io 0.1.0",
 "substrate-runtime-primitives 0.1.0",
 "substrate-runtime-std 0.1.0",
 "substrate-runtime-support 0.1.0",
 "substrate-runtime-system 0.1.0",
 "substrate-runtime-timestamp 0.1.0",
]

[[package]]
name = "substrate-runtime-staking"
version = "0.1.0"
dependencies = [
 "hex-literal 0.1.1 (registry+https://github.com/rust-lang/crates.io-index)",
 "safe-mix 1.0.0 (registry+https://github.com/rust-lang/crates.io-index)",
 "serde 1.0.64 (registry+https://github.com/rust-lang/crates.io-index)",
 "substrate-codec 0.1.0",
 "substrate-codec-derive 0.1.0",
 "substrate-primitives 0.1.0",
 "substrate-runtime-balances 0.1.0",
 "substrate-runtime-consensus 0.1.0",
 "substrate-runtime-io 0.1.0",
 "substrate-runtime-primitives 0.1.0",
 "substrate-runtime-sandbox 0.1.0",
 "substrate-runtime-session 0.1.0",
 "substrate-runtime-std 0.1.0",
 "substrate-runtime-support 0.1.0",
 "substrate-runtime-system 0.1.0",
 "substrate-runtime-timestamp 0.1.0",
]

[[package]]
name = "substrate-runtime-std"
version = "0.1.0"
dependencies = [
 "pwasm-alloc 0.1.0",
 "pwasm-libc 0.1.0",
 "rustc_version 0.2.2 (registry+https://github.com/rust-lang/crates.io-index)",
]

[[package]]
name = "substrate-runtime-support"
version = "0.1.0"
dependencies = [
 "serde 1.0.64 (registry+https://github.com/rust-lang/crates.io-index)",
 "substrate-codec 0.1.0",
 "substrate-primitives 0.1.0",
 "substrate-runtime-io 0.1.0",
 "substrate-runtime-std 0.1.0",
]

[[package]]
name = "substrate-runtime-system"
version = "0.1.0"
dependencies = [
 "hex-literal 0.1.1 (registry+https://github.com/rust-lang/crates.io-index)",
 "safe-mix 1.0.0 (registry+https://github.com/rust-lang/crates.io-index)",
 "serde 1.0.64 (registry+https://github.com/rust-lang/crates.io-index)",
 "substrate-codec 0.1.0",
 "substrate-codec-derive 0.1.0",
 "substrate-primitives 0.1.0",
 "substrate-runtime-io 0.1.0",
 "substrate-runtime-primitives 0.1.0",
 "substrate-runtime-std 0.1.0",
 "substrate-runtime-support 0.1.0",
]

[[package]]
name = "substrate-runtime-timestamp"
version = "0.1.0"
dependencies = [
 "hex-literal 0.1.1 (registry+https://github.com/rust-lang/crates.io-index)",
 "serde 1.0.64 (registry+https://github.com/rust-lang/crates.io-index)",
 "substrate-codec 0.1.0",
 "substrate-primitives 0.1.0",
 "substrate-runtime-consensus 0.1.0",
 "substrate-runtime-io 0.1.0",
 "substrate-runtime-primitives 0.1.0",
 "substrate-runtime-std 0.1.0",
 "substrate-runtime-support 0.1.0",
 "substrate-runtime-system 0.1.0",
]

[[package]]
name = "substrate-runtime-treasury"
version = "0.1.0"
dependencies = [
 "hex-literal 0.1.1 (registry+https://github.com/rust-lang/crates.io-index)",
 "serde 1.0.64 (registry+https://github.com/rust-lang/crates.io-index)",
 "substrate-codec 0.1.0",
 "substrate-codec-derive 0.1.0",
 "substrate-primitives 0.1.0",
 "substrate-runtime-balances 0.1.0",
 "substrate-runtime-io 0.1.0",
 "substrate-runtime-primitives 0.1.0",
 "substrate-runtime-std 0.1.0",
 "substrate-runtime-support 0.1.0",
 "substrate-runtime-system 0.1.0",
]

[[package]]
name = "substrate-runtime-version"
version = "0.1.0"
dependencies = [
 "serde 1.0.64 (registry+https://github.com/rust-lang/crates.io-index)",
 "substrate-codec 0.1.0",
 "substrate-codec-derive 0.1.0",
 "substrate-runtime-std 0.1.0",
 "substrate-runtime-support 0.1.0",
]

[[package]]
name = "syn"
version = "0.14.1"
source = "registry+https://github.com/rust-lang/crates.io-index"
dependencies = [
 "proc-macro2 0.4.4 (registry+https://github.com/rust-lang/crates.io-index)",
 "quote 0.6.3 (registry+https://github.com/rust-lang/crates.io-index)",
 "unicode-xid 0.1.0 (registry+https://github.com/rust-lang/crates.io-index)",
]

[[package]]
name = "uint"
version = "0.4.1"
source = "registry+https://github.com/rust-lang/crates.io-index"
dependencies = [
 "byteorder 1.2.3 (registry+https://github.com/rust-lang/crates.io-index)",
 "crunchy 0.1.6 (registry+https://github.com/rust-lang/crates.io-index)",
 "rustc-hex 2.0.0 (registry+https://github.com/rust-lang/crates.io-index)",
]

[[package]]
name = "unicode-xid"
version = "0.1.0"
source = "registry+https://github.com/rust-lang/crates.io-index"

[metadata]
"checksum arrayvec 0.4.7 (registry+https://github.com/rust-lang/crates.io-index)" = "a1e964f9e24d588183fcb43503abda40d288c8657dfc27311516ce2f05675aef"
"checksum byteorder 1.2.3 (registry+https://github.com/rust-lang/crates.io-index)" = "74c0b906e9446b0a2e4f760cdb3fa4b2c48cdc6db8766a845c54b6ff063fd2e9"
"checksum cfg-if 0.1.3 (registry+https://github.com/rust-lang/crates.io-index)" = "405216fd8fe65f718daa7102ea808a946b6ce40c742998fbfd3463645552de18"
"checksum crunchy 0.1.6 (registry+https://github.com/rust-lang/crates.io-index)" = "a2f4a431c5c9f662e1200b7c7f02c34e91361150e382089a8f2dec3ba680cbda"
"checksum fixed-hash 0.2.2 (registry+https://github.com/rust-lang/crates.io-index)" = "0d5ec8112f00ea8a483e04748a85522184418fd1cf02890b626d8fc28683f7de"
"checksum hashdb 0.2.1 (registry+https://github.com/rust-lang/crates.io-index)" = "f1c71fc577cde89b3345d5f2880fecaf462a32e96c619f431279bdaf1ba5ddb1"
"checksum hex-literal 0.1.1 (registry+https://github.com/rust-lang/crates.io-index)" = "4da5f0e01bd8a71a224a4eedecaacfcabda388dbb7a80faf04d3514287572d95"
"checksum hex-literal-impl 0.1.1 (registry+https://github.com/rust-lang/crates.io-index)" = "1d340b6514f232f6db1bd16db65302a5278a04fef9ce867cb932e7e5fa21130a"
"checksum integer-sqrt 0.1.0 (git+https://github.com/paritytech/integer-sqrt-rs.git)" = "<none>"
"checksum log 0.4.1 (registry+https://github.com/rust-lang/crates.io-index)" = "89f010e843f2b1a31dbd316b3b8d443758bc634bed37aabade59c686d644e0a2"
"checksum nodrop 0.1.12 (registry+https://github.com/rust-lang/crates.io-index)" = "9a2228dca57108069a5262f2ed8bd2e82496d2e074a06d1ccc7ce1687b6ae0a2"
"checksum num-traits 0.2.4 (registry+https://github.com/rust-lang/crates.io-index)" = "775393e285254d2f5004596d69bb8bc1149754570dcc08cf30cabeba67955e28"
"checksum parity-wasm 0.31.0 (registry+https://github.com/rust-lang/crates.io-index)" = "e1c91199d14bd5b78ecade323d4a891d094799749c1b9e82d9c590c2e2849a40"
"checksum plain_hasher 0.2.0 (registry+https://github.com/rust-lang/crates.io-index)" = "95fa6386b1d34aaf0adb9b7dd2885dbe7c34190e6263785e5a7ec2b19044a90f"
"checksum proc-macro-hack 0.4.0 (registry+https://github.com/rust-lang/crates.io-index)" = "3ba8d4f9257b85eb6cdf13f055cea3190520aab1409ca2ab43493ea4820c25f0"
"checksum proc-macro-hack-impl 0.4.0 (registry+https://github.com/rust-lang/crates.io-index)" = "d5cb6f960ad471404618e9817c0e5d10b1ae74cfdf01fab89ea0641fe7fb2892"
"checksum proc-macro2 0.4.4 (registry+https://github.com/rust-lang/crates.io-index)" = "1fa93823f53cfd0f5ac117b189aed6cfdfb2cfc0a9d82e956dd7927595ed7d46"
"checksum pwasm-utils 0.3.1 (registry+https://github.com/rust-lang/crates.io-index)" = "efd695333cfae6e9dbe2703a6d040e252b57a6fc3b9a65c712615ac042b2e0c5"
"checksum quote 0.6.3 (registry+https://github.com/rust-lang/crates.io-index)" = "e44651a0dc4cdd99f71c83b561e221f714912d11af1a4dff0631f923d53af035"
"checksum rustc-hex 2.0.0 (registry+https://github.com/rust-lang/crates.io-index)" = "d2b03280c2813907a030785570c577fb27d3deec8da4c18566751ade94de0ace"
"checksum rustc_version 0.2.2 (registry+https://github.com/rust-lang/crates.io-index)" = "a54aa04a10c68c1c4eacb4337fd883b435997ede17a9385784b990777686b09a"
"checksum safe-mix 1.0.0 (registry+https://github.com/rust-lang/crates.io-index)" = "7f7bf422d23a88c16d5090d455f182bc99c60af4df6a345c63428acf5129e347"
"checksum semver 0.9.0 (registry+https://github.com/rust-lang/crates.io-index)" = "1d7eb9ef2c18661902cc47e535f9bc51b78acd254da71d375c2f6720d9a40403"
"checksum semver-parser 0.7.0 (registry+https://github.com/rust-lang/crates.io-index)" = "388a1df253eca08550bef6c72392cfe7c30914bf41df5269b68cbd6ff8f570a3"
"checksum serde 1.0.64 (registry+https://github.com/rust-lang/crates.io-index)" = "fba5be06346c5200249c8c8ca4ccba4a09e8747c71c16e420bd359a0db4d8f91"
"checksum syn 0.14.1 (registry+https://github.com/rust-lang/crates.io-index)" = "6dfd71b2be5a58ee30a6f8ea355ba8290d397131c00dfa55c3d34e6e13db5101"
"checksum uint 0.4.1 (registry+https://github.com/rust-lang/crates.io-index)" = "754ba11732b9161b94c41798e5197e5e75388d012f760c42adb5000353e98646"
"checksum unicode-xid 0.1.0 (registry+https://github.com/rust-lang/crates.io-index)" = "fc72304796d0818e357ead4e000d19c9c174ab23dc11093ac919054d20a6a7fc"
